
Microsoft Visual Studio Solution File, Format Version 12.00
# Visual Studio Version 17
VisualStudioVersion = 17.4.33103.184
MinimumVisualStudioVersion = 10.0.40219.1
Project("{F2A71F9B-5D33-465A-A702-920D77279786}") = "SalesMVC", "SalesMVC\SalesMVC.fsproj", "{316D379F-2FCE-4D99-ADB4-F10BE8C440DE}"
EndProject
Global
	GlobalSection(SolutionConfigurationPlatforms) = preSolution
		Debug|Any CPU = Debug|Any CPU
		Release|Any CPU = Release|Any CPU
	EndGlobalSection
	GlobalSection(ProjectConfigurationPlatforms) = postSolution
		{316D379F-2FCE-4D99-ADB4-F10BE8C440DE}.Debug|Any CPU.ActiveCfg = Debug|Any CPU
		{316D379F-2FCE-4D99-ADB4-F10BE8C440DE}.Debug|Any CPU.Build.0 = Debug|Any CPU
		{316D379F-2FCE-4D99-ADB4-F10BE8C440DE}.Release|Any CPU.ActiveCfg = Release|Any CPU
		{316D379F-2FCE-4D99-ADB4-F10BE8C440DE}.Release|Any CPU.Build.0 = Release|Any CPU
	EndGlobalSection
	GlobalSection(SolutionProperties) = preSolution
		HideSolutionNode = FALSE
	EndGlobalSection
	GlobalSection(ExtensibilityGlobals) = postSolution
		SolutionGuid = {831DF5BF-248A-477B-9B49-F55352026302}
	EndGlobalSection
EndGlobal
